<Solution>
  <Folder Name="/src/" />
  <Folder Name="/src/ApiGateway/">
    <Project Path="src/ApiGateway/BookLoverECommerce.ApiGateway/BookLoverECommerce.ApiGateway.csproj" />
  </Folder>
  <Folder Name="/src/BuildingBlocks/">
    <Project Path="src/BuildingBlocks/BookLoverECommerce.Shared/BookLoverECommerce.Shared.csproj" />
  </Folder>
  <Folder Name="/src/Services/" />
  <Folder Name="/src/Services/Auth/">
    <Project Path="src/Services/Auth/BookLoverECommerce.Auth.Api/BookLoverECommerce.Auth.Api.csproj" />
    <Project Path="src/Services/Auth/BookLoverECommerce.Auth.Application/BookLoverECommerce.Auth.Application.csproj" />
    <Project Path="src/Services/Auth/BookLoverECommerce.Auth.Domain/BookLoverECommerce.Auth.Domain.csproj" />
    <Project Path="src/Services/Auth/BookLoverECommerce.Auth.Infrastructure/BookLoverECommerce.Auth.Infrastructure.csproj" />
  </Folder>
  <Folder Name="/src/Services/Cart/">
    <Project Path="src/Services/Cart/BookLoverECommerce.Cart.Api/BookLoverECommerce.Cart.Api.csproj" />
    <Project Path="src/Services/Cart/BookLoverECommerce.Cart.Application/BookLoverECommerce.Cart.Application.csproj" />
    <Project Path="src/Services/Cart/BookLoverECommerce.Cart.Domain/BookLoverECommerce.Cart.Domain.csproj" />
    <Project Path="src/Services/Cart/BookLoverECommerce.Cart.Infrastructure/BookLoverECommerce.Cart.Infrastructure.csproj" />
  </Folder>
  <Folder Name="/src/Services/Price/">
    <Project Path="src/Services/Price/BookLoverECommerce.Price.Api/BookLoverECommerce.Price.Api.csproj" />
    <Project Path="src/Services/Price/BookLoverECommerce.Price.Application/BookLoverECommerce.Price.Application.csproj" />
    <Project Path="src/Services/Price/BookLoverECommerce.Price.Domain/BookLoverECommerce.Price.Domain.csproj" />
    <Project Path="src/Services/Price/BookLoverECommerce.Price.Infrastructure/BookLoverECommerce.Price.Infrastructure.csproj" />
  </Folder>
  <Folder Name="/src/Services/Products/">
    <Project Path="src/Services/Products/BookLoverECommerce.Products.Api/BookLoverECommerce.Products.Api.csproj" />
    <Project Path="src/Services/Products/BookLoverECommerce.Products.Application/BookLoverECommerce.Products.Application.csproj" />
    <Project Path="src/Services/Products/BookLoverECommerce.Products.Domain/BookLoverECommerce.Products.Domain.csproj" />
    <Project Path="src/Services/Products/BookLoverECommerce.Products.Infrastructure/BookLoverECommerce.Products.Infrastructure.csproj" />
  </Folder>
</Solution>
